// !$*UTF8*$!
{
	archiveVersion = 1;
	classes = {
	};
	objectVersion = 56;
	objects = {

/* Begin PBXBuildFile section */
		4911E07F2A7C1C140008B60B /* VMInstallView.swift in Sources */ = {isa = PBXBuildFile; fileRef = 4911E0712A7C1C140008B60B /* VMInstallView.swift */; };
		4911E0802A7C1C140008B60B /* VMUIView.swift in Sources */ = {isa = PBXBuildFile; fileRef = 4911E0722A7C1C140008B60B /* VMUIView.swift */; };
		4911E0812A7C1C140008B60B /* VMView.swift in Sources */ = {isa = PBXBuildFile; fileRef = 4911E0742A7C1C140008B60B /* VMView.swift */; };
		4911E0822A7C1C140008B60B /* Assets.xcassets in Resources */ = {isa = PBXBuildFile; fileRef = 4911E0752A7C1C140008B60B /* Assets.xcassets */; };
		4911E0832A7C1C140008B60B /* ViewModel.swift in Sources */ = {isa = PBXBuildFile; fileRef = 4911E0762A7C1C140008B60B /* ViewModel.swift */; };
		4911E0842A7C1C140008B60B /* Preview Assets.xcassets in Resources */ = {isa = PBXBuildFile; fileRef = 4911E0782A7C1C140008B60B /* Preview Assets.xcassets */; };
		4911E0852A7C1C140008B60B /* VMInstance.swift in Sources */ = {isa = PBXBuildFile; fileRef = 4911E0792A7C1C140008B60B /* VMInstance.swift */; };
		4911E0862A7C1C140008B60B /* MacVMApp.swift in Sources */ = {isa = PBXBuildFile; fileRef = 4911E07A2A7C1C140008B60B /* MacVMApp.swift */; };
		4911E0872A7C1C140008B60B /* VMContent.swift in Sources */ = {isa = PBXBuildFile; fileRef = 4911E07B2A7C1C140008B60B /* VMContent.swift */; };
		4911E0882A7C1C140008B60B /* VMDocument.swift in Sources */ = {isa = PBXBuildFile; fileRef = 4911E07C2A7C1C140008B60B /* VMDocument.swift */; };
		4911E0892A7C1C140008B60B /* ContentView.swift in Sources */ = {isa = PBXBuildFile; fileRef = 4911E07D2A7C1C140008B60B /* ContentView.swift */; };
		4911E08A2A7C1C140008B60B /* Info.plist in Resources */ = {isa = PBXBuildFile; fileRef = 4911E07E2A7C1C140008B60B /* Info.plist */; };
/* End PBXBuildFile section */

/* Begin PBXFileReference section */
		4911E05F2A7C1C050008B60B /* SimpleVM.app */ = {isa = PBXFileReference; explicitFileType = wrapper.application; includeInIndex = 0; path = SimpleVM.app; sourceTree = BUILT_PRODUCTS_DIR; };
		4911E0712A7C1C140008B60B /* VMInstallView.swift */ = {isa = PBXFileReference; fileEncoding = 4; lastKnownFileType = sourcecode.swift; path = VMInstallView.swift; sourceTree = "<group>"; };
		4911E0722A7C1C140008B60B /* VMUIView.swift */ = {isa = PBXFileReference; fileEncoding = 4; lastKnownFileType = sourcecode.swift; path = VMUIView.swift; sourceTree = "<group>"; };
		4911E0732A7C1C140008B60B /* VirtualMachines.entitlements */ = {isa = PBXFileReference; fileEncoding = 4; lastKnownFileType = text.plist.entitlements; path = VirtualMachines.entitlements; sourceTree = "<group>"; };
		4911E0742A7C1C140008B60B /* VMView.swift */ = {isa = PBXFileReference; fileEncoding = 4; lastKnownFileType = sourcecode.swift; path = VMView.swift; sourceTree = "<group>"; };
		4911E0752A7C1C140008B60B /* Assets.xcassets */ = {isa = PBXFileReference; lastKnownFileType = folder.assetcatalog; path = Assets.xcassets; sourceTree = "<group>"; };
		4911E0762A7C1C140008B60B /* ViewModel.swift */ = {isa = PBXFileReference; fileEncoding = 4; lastKnownFileType = sourcecode.swift; path = ViewModel.swift; sourceTree = "<group>"; };
		4911E0782A7C1C140008B60B /* Preview Assets.xcassets */ = {isa = PBXFileReference; lastKnownFileType = folder.assetcatalog; path = "Preview Assets.xcassets"; sourceTree = "<group>"; };
		4911E0792A7C1C140008B60B /* VMInstance.swift */ = {isa = PBXFileReference; fileEncoding = 4; lastKnownFileType = sourcecode.swift; path = VMInstance.swift; sourceTree = "<group>"; };
		4911E07A2A7C1C140008B60B /* MacVMApp.swift */ = {isa = PBXFileReference; fileEncoding = 4; lastKnownFileType = sourcecode.swift; path = MacVMApp.swift; sourceTree = "<group>"; };
		4911E07B2A7C1C140008B60B /* VMContent.swift */ = {isa = PBXFileReference; fileEncoding = 4; lastKnownFileType = sourcecode.swift; path = VMContent.swift; sourceTree = "<group>"; };
		4911E07C2A7C1C140008B60B /* VMDocument.swift */ = {isa = PBXFileReference; fileEncoding = 4; lastKnownFileType = sourcecode.swift; path = VMDocument.swift; sourceTree = "<group>"; };
		4911E07D2A7C1C140008B60B /* ContentView.swift */ = {isa = PBXFileReference; fileEncoding = 4; lastKnownFileType = sourcecode.swift; path = ContentView.swift; sourceTree = "<group>"; };
		4911E07E2A7C1C140008B60B /* Info.plist */ = {isa = PBXFileReference; fileEncoding = 4; lastKnownFileType = text.plist.xml; path = Info.plist; sourceTree = "<group>"; };
/* End PBXFileReference section */

/* Begin PBXFrameworksBuildPhase section */
		4911E05C2A7C1C050008B60B /* Frameworks */ = {
			isa = PBXFrameworksBuildPhase;
			buildActionMask = 2147483647;
			files = (
			);
			runOnlyForDeploymentPostprocessing = 0;
		};
/* End PBXFrameworksBuildPhase section */

/* Begin PBXGroup section */
		4911E0562A7C1C050008B60B = {
			isa = PBXGroup;
			children = (
				4911E0702A7C1C140008B60B /* SimpleVM */,
				4911E0602A7C1C050008B60B /* Products */,
			);
			sourceTree = "<group>";
		};
		4911E0602A7C1C050008B60B /* Products */ = {
			isa = PBXGroup;
			children = (
				4911E05F2A7C1C050008B60B /* SimpleVM.app */,
			);
			name = Products;
			sourceTree = "<group>";
		};
		4911E0702A7C1C140008B60B /* SimpleVM */ = {
			isa = PBXGroup;
			children = (
				4911E0712A7C1C140008B60B /* VMInstallView.swift */,
				4911E0722A7C1C140008B60B /* VMUIView.swift */,
				4911E0732A7C1C140008B60B /* VirtualMachines.entitlements */,
				4911E0742A7C1C140008B60B /* VMView.swift */,
				4911E0752A7C1C140008B60B /* Assets.xcassets */,
				4911E0762A7C1C140008B60B /* ViewModel.swift */,
				4911E0772A7C1C140008B60B /* Preview Content */,
				4911E0792A7C1C140008B60B /* VMInstance.swift */,
				4911E07A2A7C1C140008B60B /* MacVMApp.swift */,
				4911E07B2A7C1C140008B60B /* VMContent.swift */,
				4911E07C2A7C1C140008B60B /* VMDocument.swift */,
				4911E07D2A7C1C140008B60B /* ContentView.swift */,
				4911E07E2A7C1C140008B60B /* Info.plist */,
			);
			name = SimpleVM;
			path = SimpleVM/SimpleVM;
			sourceTree = "<group>";
		};
		4911E0772A7C1C140008B60B /* Preview Content */ = {
			isa = PBXGroup;
			children = (
				4911E0782A7C1C140008B60B /* Preview Assets.xcassets */,
			);
			path = "Preview Content";
			sourceTree = "<group>";
		};
/* End PBXGroup section */

/* Begin PBXNativeTarget section */
		4911E05E2A7C1C050008B60B /* SimpleVM */ = {
			isa = PBXNativeTarget;
			buildConfigurationList = 4911E06D2A7C1C060008B60B /* Build configuration list for PBXNativeTarget "SimpleVM" */;
			buildPhases = (
				4911E05B2A7C1C050008B60B /* Sources */,
				4911E05C2A7C1C050008B60B /* Frameworks */,
				4911E05D2A7C1C050008B60B /* Resources */,
			);
			buildRules = (
			);
			dependencies = (
			);
			name = SimpleVM;
			productName = SimpleVM;
			productReference = 4911E05F2A7C1C050008B60B /* SimpleVM.app */;
			productType = "com.apple.product-type.application";
		};
/* End PBXNativeTarget section */

/* Begin PBXProject section */
		4911E0572A7C1C050008B60B /* Project object */ = {
			isa = PBXProject;
			attributes = {
				BuildIndependentTargetsInParallel = 1;
				LastSwiftUpdateCheck = 1500;
				LastUpgradeCheck = 1500;
				TargetAttributes = {
					4911E05E2A7C1C050008B60B = {
						CreatedOnToolsVersion = 15.0;
					};
				};
			};
			buildConfigurationList = 4911E05A2A7C1C050008B60B /* Build configuration list for PBXProject "SimpleVM" */;
			compatibilityVersion = "Xcode 14.0";
			developmentRegion = en;
			hasScannedForEncodings = 0;
			knownRegions = (
				en,
				Base,
			);
			mainGroup = 4911E0562A7C1C050008B60B;
			productRefGroup = 4911E0602A7C1C050008B60B /* Products */;
			projectDirPath = "";
			projectRoot = "";
			targets = (
				4911E05E2A7C1C050008B60B /* SimpleVM */,
			);
		};
/* End PBXProject section */

/* Begin PBXResourcesBuildPhase section */
		4911E05D2A7C1C050008B60B /* Resources */ = {
			isa = PBXResourcesBuildPhase;
			buildActionMask = 2147483647;
			files = (
				4911E0842A7C1C140008B60B /* Preview Assets.xcassets in Resources */,
				4911E0822A7C1C140008B60B /* Assets.xcassets in Resources */,
				4911E08A2A7C1C140008B60B /* Info.plist in Resources */,
			);
			runOnlyForDeploymentPostprocessing = 0;
		};
/* End PBXResourcesBuildPhase section */

/* Begin PBXSourcesBuildPhase section */
		4911E05B2A7C1C050008B60B /* Sources */ = {
			isa = PBXSourcesBuildPhase;
			buildActionMask = 2147483647;
			files = (
				4911E0892A7C1C140008B60B /* ContentView.swift in Sources */,
				4911E0802A7C1C140008B60B /* VMUIView.swift in Sources */,
				4911E07F2A7C1C140008B60B /* VMInstallView.swift in Sources */,
				4911E0882A7C1C140008B60B /* VMDocument.swift in Sources */,
				4911E0872A7C1C140008B60B /* VMContent.swift in Sources */,
				4911E0832A7C1C140008B60B /* ViewModel.swift in Sources */,
				4911E0852A7C1C140008B60B /* VMInstance.swift in Sources */,
				4911E0862A7C1C140008B60B /* MacVMApp.swift in Sources */,
				4911E0812A7C1C140008B60B /* VMView.swift in Sources */,
			);
			runOnlyForDeploymentPostprocessing = 0;
		};
/* End PBXSourcesBuildPhase section */

/* Begin XCBuildConfiguration section */
		4911E06B2A7C1C060008B60B /* Debug */ = {
			isa = XCBuildConfiguration;
			buildSettings = {
				ALWAYS_SEARCH_USER_PATHS = NO;
				ASSETCATALOG_COMPILER_GENERATE_SWIFT_ASSET_SYMBOL_EXTENSIONS = YES;
				CLANG_ANALYZER_NONNULL = YES;
				CLANG_ANALYZER_NUMBER_OBJECT_CONVERSION = YES_AGGRESSIVE;
				CLANG_CXX_LANGUAGE_STANDARD = "gnu++20";
				CLANG_ENABLE_MODULES = YES;
				CLANG_ENABLE_OBJC_ARC = YES;
				CLANG_ENABLE_OBJC_WEAK = YES;
				CLANG_WARN_BLOCK_CAPTURE_AUTORELEASING = YES;
				CLANG_WARN_BOOL_CONVERSION = YES;
				CLANG_WARN_COMMA = YES;
				CLANG_WARN_CONSTANT_CONVERSION = YES;
				CLANG_WARN_DEPRECATED_OBJC_IMPLEMENTATIONS = YES;
				CLANG_WARN_DIRECT_OBJC_ISA_USAGE = YES_ERROR;
				CLANG_WARN_DOCUMENTATION_COMMENTS = YES;
				CLANG_WARN_EMPTY_BODY = YES;
				CLANG_WARN_ENUM_CONVERSION = YES;
				CLANG_WARN_INFINITE_RECURSION = YES;
				CLANG_WARN_INT_CONVERSION = YES;
				CLANG_WARN_NON_LITERAL_NULL_CONVERSION = YES;
				CLANG_WARN_OBJC_IMPLICIT_RETAIN_SELF = YES;
				CLANG_WARN_OBJC_LITERAL_CONVERSION = YES;
				CLANG_WARN_OBJC_ROOT_CLASS = YES_ERROR;
				CLANG_WARN_QUOTED_INCLUDE_IN_FRAMEWORK_HEADER = YES;
				CLANG_WARN_RANGE_LOOP_ANALYSIS = YES;
				CLANG_WARN_STRICT_PROTOTYPES = YES;
				CLANG_WARN_SUSPICIOUS_MOVE = YES;
				CLANG_WARN_UNGUARDED_AVAILABILITY = YES_AGGRESSIVE;
				CLANG_WARN_UNREACHABLE_CODE = YES;
				CLANG_WARN__DUPLICATE_METHOD_MATCH = YES;
				COPY_PHASE_STRIP = NO;
				DEBUG_INFORMATION_FORMAT = dwarf;
				ENABLE_STRICT_OBJC_MSGSEND = YES;
				ENABLE_TESTABILITY = YES;
				ENABLE_USER_SCRIPT_SANDBOXING = YES;
				GCC_C_LANGUAGE_STANDARD = gnu17;
				GCC_DYNAMIC_NO_PIC = NO;
				GCC_NO_COMMON_BLOCKS = YES;
				GCC_OPTIMIZATION_LEVEL = 0;
				GCC_PREPROCESSOR_DEFINITIONS = (
					"DEBUG=1",
					"$(inherited)",
				);
				GCC_WARN_64_TO_32_BIT_CONVERSION = YES;
				GCC_WARN_ABOUT_RETURN_TYPE = YES_ERROR;
				GCC_WARN_UNDECLARED_SELECTOR = YES;
				GCC_WARN_UNINITIALIZED_AUTOS = YES_AGGRESSIVE;
				GCC_WARN_UNUSED_FUNCTION = YES;
				GCC_WARN_UNUSED_VARIABLE = YES;
				IPHONEOS_DEPLOYMENT_TARGET = 17.0;
				LOCALIZATION_PREFERS_STRING_CATALOGS = YES;
				MTL_ENABLE_DEBUG_INFO = INCLUDE_SOURCE;
				MTL_FAST_MATH = YES;
				ONLY_ACTIVE_ARCH = YES;
				SDKROOT = iphoneos;
				SWIFT_ACTIVE_COMPILATION_CONDITIONS = "DEBUG $(inherited)";
				SWIFT_OPTIMIZATION_LEVEL = "-Onone";
			};
			name = Debug;
		};
		4911E06C2A7C1C060008B60B /* Release */ = {
			isa = XCBuildConfiguration;
			buildSettings = {
				ALWAYS_SEARCH_USER_PATHS = NO;
				ASSETCATALOG_COMPILER_GENERATE_SWIFT_ASSET_SYMBOL_EXTENSIONS = YES;
				CLANG_ANALYZER_NONNULL = YES;
				CLANG_ANALYZER_NUMBER_OBJECT_CONVERSION = YES_AGGRESSIVE;
				CLANG_CXX_LANGUAGE_STANDARD = "gnu++20";
				CLANG_ENABLE_MODULES = YES;
				CLANG_ENABLE_OBJC_ARC = YES;
				CLANG_ENABLE_OBJC_WEAK = YES;
				CLANG_WARN_BLOCK_CAPTURE_AUTORELEASING = YES;
				CLANG_WARN_BOOL_CONVERSION = YES;
				CLANG_WARN_COMMA = YES;
				CLANG_WARN_CONSTANT_CONVERSION = YES;
				CLANG_WARN_DEPRECATED_OBJC_IMPLEMENTATIONS = YES;
				CLANG_WARN_DIRECT_OBJC_ISA_USAGE = YES_ERROR;
				CLANG_WARN_DOCUMENTATION_COMMENTS = YES;
				CLANG_WARN_EMPTY_BODY = YES;
				CLANG_WARN_ENUM_CONVERSION = YES;
				CLANG_WARN_INFINITE_RECURSION = YES;
				CLANG_WARN_INT_CONVERSION = YES;
				CLANG_WARN_NON_LITERAL_NULL_CONVERSION = YES;
				CLANG_WARN_OBJC_IMPLICIT_RETAIN_SELF = YES;
				CLANG_WARN_OBJC_LITERAL_CONVERSION = YES;
				CLANG_WARN_OBJC_ROOT_CLASS = YES_ERROR;
				CLANG_WARN_QUOTED_INCLUDE_IN_FRAMEWORK_HEADER = YES;
				CLANG_WARN_RANGE_LOOP_ANALYSIS = YES;
				CLANG_WARN_STRICT_PROTOTYPES = YES;
				CLANG_WARN_SUSPICIOUS_MOVE = YES;
				CLANG_WARN_UNGUARDED_AVAILABILITY = YES_AGGRESSIVE;
				CLANG_WARN_UNREACHABLE_CODE = YES;
				CLANG_WARN__DUPLICATE_METHOD_MATCH = YES;
				COPY_PHASE_STRIP = NO;
				DEBUG_INFORMATION_FORMAT = "dwarf-with-dsym";
				ENABLE_NS_ASSERTIONS = NO;
				ENABLE_STRICT_OBJC_MSGSEND = YES;
				ENABLE_USER_SCRIPT_SANDBOXING = YES;
				GCC_C_LANGUAGE_STANDARD = gnu17;
				GCC_NO_COMMON_BLOCKS = YES;
				GCC_WARN_64_TO_32_BIT_CONVERSION = YES;
				GCC_WARN_ABOUT_RETURN_TYPE = YES_ERROR;
				GCC_WARN_UNDECLARED_SELECTOR = YES;
				GCC_WARN_UNINITIALIZED_AUTOS = YES_AGGRESSIVE;
				GCC_WARN_UNUSED_FUNCTION = YES;
				GCC_WARN_UNUSED_VARIABLE = YES;
				IPHONEOS_DEPLOYMENT_TARGET = 17.0;
				LOCALIZATION_PREFERS_STRING_CATALOGS = YES;
				MTL_ENABLE_DEBUG_INFO = NO;
				MTL_FAST_MATH = YES;
				SDKROOT = iphoneos;
				SWIFT_COMPILATION_MODE = wholemodule;
				VALIDATE_PRODUCT = YES;
			};
			name = Release;
		};
		4911E06E2A7C1C060008B60B /* Debug */ = {
			isa = XCBuildConfiguration;
			buildSettings = {
				ASSETCATALOG_COMPILER_APPICON_NAME = AppIcon;
				ASSETCATALOG_COMPILER_GLOBAL_ACCENT_COLOR_NAME = AccentColor;
				CODE_SIGN_STYLE = Automatic;
				CURRENT_PROJECT_VERSION = 1;
				DEVELOPMENT_ASSET_PATHS = "\"SimpleVM/Preview Content\"";
				DEVELOPMENT_TEAM = F4QL9A2T88;
				ENABLE_PREVIEWS = YES;
				GENERATE_INFOPLIST_FILE = YES;
				INFOPLIST_KEY_UIApplicationSceneManifest_Generation = YES;
				INFOPLIST_KEY_UIApplicationSupportsIndirectInputEvents = YES;
				INFOPLIST_KEY_UILaunchScreen_Generation = YES;
				INFOPLIST_KEY_UISupportedInterfaceOrientations_iPad = "UIInterfaceOrientationPortrait UIInterfaceOrientationPortraitUpsideDown UIInterfaceOrientationLandscapeLeft UIInterfaceOrientationLandscapeRight";
				INFOPLIST_KEY_UISupportedInterfaceOrientations_iPhone = "UIInterfaceOrientationPortrait UIInterfaceOrientationLandscapeLeft UIInterfaceOrientationLandscapeRight";
				LD_RUNPATH_SEARCH_PATHS = (
					"$(inherited)",
					"@executable_path/Frameworks",
				);
				MARKETING_VERSION = 1.0;
				PRODUCT_BUNDLE_IDENTIFIER = dev.catsoftware.SimpleVM;
				PRODUCT_NAME = "$(TARGET_NAME)";
				SUPPORTED_PLATFORMS = macosx;
				SUPPORTS_MACCATALYST = NO;
				SUPPORTS_MAC_DESIGNED_FOR_IPHONE_IPAD = NO;
				SUPPORTS_XR_DESIGNED_FOR_IPHONE_IPAD = NO;
				SWIFT_EMIT_LOC_STRINGS = YES;
				SWIFT_VERSION = 5.0;
			};
			name = Debug;
		};
		4911E06F2A7C1C060008B60B /* Release */ = {
			isa = XCBuildConfiguration;
			buildSettings = {
				ASSETCATALOG_COMPILER_APPICON_NAME = AppIcon;
				ASSETCATALOG_COMPILER_GLOBAL_ACCENT_COLOR_NAME = AccentColor;
				CODE_SIGN_STYLE = Automatic;
				CURRENT_PROJECT_VERSION = 1;
				DEVELOPMENT_ASSET_PATHS = "\"SimpleVM/Preview Content\"";
				DEVELOPMENT_TEAM = F4QL9A2T88;
				ENABLE_PREVIEWS = YES;
				GENERATE_INFOPLIST_FILE = YES;
				INFOPLIST_KEY_UIApplicationSceneManifest_Generation = YES;
				INFOPLIST_KEY_UIApplicationSupportsIndirectInputEvents = YES;
				INFOPLIST_KEY_UILaunchScreen_Generation = YES;
				INFOPLIST_KEY_UISupportedInterfaceOrientations_iPad = "UIInterfaceOrientationPortrait UIInterfaceOrientationPortraitUpsideDown UIInterfaceOrientationLandscapeLeft UIInterfaceOrientationLandscapeRight";
				INFOPLIST_KEY_UISupportedInterfaceOrientations_iPhone = "UIInterfaceOrientationPortrait UIInterfaceOrientationLandscapeLeft UIInterfaceOrientationLandscapeRight";
				LD_RUNPATH_SEARCH_PATHS = (
					"$(inherited)",
					"@executable_path/Frameworks",
				);
				MARKETING_VERSION = 1.0;
				PRODUCT_BUNDLE_IDENTIFIER = dev.catsoftware.SimpleVM;
				PRODUCT_NAME = "$(TARGET_NAME)";
				SUPPORTED_PLATFORMS = macosx;
				SUPPORTS_MACCATALYST = NO;
				SUPPORTS_MAC_DESIGNED_FOR_IPHONE_IPAD = NO;
				SUPPORTS_XR_DESIGNED_FOR_IPHONE_IPAD = NO;
				SWIFT_EMIT_LOC_STRINGS = YES;
				SWIFT_VERSION = 5.0;
			};
			name = Release;
		};
/* End XCBuildConfiguration section */

/* Begin XCConfigurationList section */
		4911E05A2A7C1C050008B60B /* Build configuration list for PBXProject "SimpleVM" */ = {
			isa = XCConfigurationList;
			buildConfigurations = (
				4911E06B2A7C1C060008B60B /* Debug */,
				4911E06C2A7C1C060008B60B /* Release */,
			);
			defaultConfigurationIsVisible = 0;
			defaultConfigurationName = Release;
		};
		4911E06D2A7C1C060008B60B /* Build configuration list for PBXNativeTarget "SimpleVM" */ = {
			isa = XCConfigurationList;
			buildConfigurations = (
				4911E06E2A7C1C060008B60B /* Debug */,
				4911E06F2A7C1C060008B60B /* Release */,
			);
			defaultConfigurationIsVisible = 0;
			defaultConfigurationName = Release;
		};
/* End XCConfigurationList section */
	};
	rootObject = 4911E0572A7C1C050008B60B /* Project object */;
}
